{
  "name": "javascript_complete_guide",
  "version": "1.0.0",
  "lockfileVersion": 1,
  "requires": true,
  "dependencies": {
    "cssloader": {
      "version": "1.1.1",
      "resolved": "https://registry.npmjs.org/cssloader/-/cssloader-1.1.1.tgz",
      "integrity": "sha1-5eaSGAHr0rJ7sOK9LjJJadWhOlg="
    }
  }
}
